
Microsoft Visual Studio Solution File, Format Version 12.00
# Visual Studio Version 17
VisualStudioVersion = 17.10.34928.147
MinimumVisualStudioVersion = 10.0.40219.1
Project("{54A90642-561A-4BB1-A94E-469ADEE60C69}") = "Registrationform", "Registrationform.esproj", "{702A889B-2EAA-4C3B-A688-A01C7C3F41BA}"
EndProject
Global
	GlobalSection(SolutionConfigurationPlatforms) = preSolution
		Debug|Any CPU = Debug|Any CPU
		Release|Any CPU = Release|Any CPU
	EndGlobalSection
	GlobalSection(ProjectConfigurationPlatforms) = postSolution
		{702A889B-2EAA-4C3B-A688-A01C7C3F41BA}.Debug|Any CPU.ActiveCfg = Debug|Any CPU
		{702A889B-2EAA-4C3B-A688-A01C7C3F41BA}.Debug|Any CPU.Build.0 = Debug|Any CPU
		{702A889B-2EAA-4C3B-A688-A01C7C3F41BA}.Debug|Any CPU.Deploy.0 = Debug|Any CPU
		{702A889B-2EAA-4C3B-A688-A01C7C3F41BA}.Release|Any CPU.ActiveCfg = Release|Any CPU
		{702A889B-2EAA-4C3B-A688-A01C7C3F41BA}.Release|Any CPU.Build.0 = Release|Any CPU
		{702A889B-2EAA-4C3B-A688-A01C7C3F41BA}.Release|Any CPU.Deploy.0 = Release|Any CPU
	EndGlobalSection
	GlobalSection(SolutionProperties) = preSolution
		HideSolutionNode = FALSE
	EndGlobalSection
	GlobalSection(ExtensibilityGlobals) = postSolution
		SolutionGuid = {86BAA07C-26DE-4847-B0F4-C8728C6DF18A}
	EndGlobalSection
EndGlobal
