
Microsoft Visual Studio Solution File, Format Version 12.00
# Visual Studio Version 17
VisualStudioVersion = 17.10.34928.147
MinimumVisualStudioVersion = 10.0.40219.1
Project("{FAE04EC0-301F-11D3-BF4B-00C04F79EFBC}") = "LinqXML", "LinqXML.csproj", "{C7146348-FB4B-40C7-B6A6-6773E9ABBA56}"
EndProject
Global
	GlobalSection(SolutionConfigurationPlatforms) = preSolution
		Debug|Any CPU = Debug|Any CPU
		Release|Any CPU = Release|Any CPU
	EndGlobalSection
	GlobalSection(ProjectConfigurationPlatforms) = postSolution
		{C7146348-FB4B-40C7-B6A6-6773E9ABBA56}.Debug|Any CPU.ActiveCfg = Debug|Any CPU
		{C7146348-FB4B-40C7-B6A6-6773E9ABBA56}.Debug|Any CPU.Build.0 = Debug|Any CPU
		{C7146348-FB4B-40C7-B6A6-6773E9ABBA56}.Release|Any CPU.ActiveCfg = Release|Any CPU
		{C7146348-FB4B-40C7-B6A6-6773E9ABBA56}.Release|Any CPU.Build.0 = Release|Any CPU
	EndGlobalSection
	GlobalSection(SolutionProperties) = preSolution
		HideSolutionNode = FALSE
	EndGlobalSection
	GlobalSection(ExtensibilityGlobals) = postSolution
		SolutionGuid = {E328ABA3-17CF-408A-B24A-62AABA56C157}
	EndGlobalSection
EndGlobal
