
Microsoft Visual Studio Solution File, Format Version 12.00
# Visual Studio Version 17
VisualStudioVersion = 17.10.34928.147
MinimumVisualStudioVersion = 10.0.40219.1
Project("{FAE04EC0-301F-11D3-BF4B-00C04F79EFBC}") = "simpleStack", "simpleStack.csproj", "{BFA2D371-5E4A-411A-A577-2A0D4F66B7E2}"
EndProject
Global
	GlobalSection(SolutionConfigurationPlatforms) = preSolution
		Debug|Any CPU = Debug|Any CPU
		Release|Any CPU = Release|Any CPU
	EndGlobalSection
	GlobalSection(ProjectConfigurationPlatforms) = postSolution
		{BFA2D371-5E4A-411A-A577-2A0D4F66B7E2}.Debug|Any CPU.ActiveCfg = Debug|Any CPU
		{BFA2D371-5E4A-411A-A577-2A0D4F66B7E2}.Debug|Any CPU.Build.0 = Debug|Any CPU
		{BFA2D371-5E4A-411A-A577-2A0D4F66B7E2}.Release|Any CPU.ActiveCfg = Release|Any CPU
		{BFA2D371-5E4A-411A-A577-2A0D4F66B7E2}.Release|Any CPU.Build.0 = Release|Any CPU
	EndGlobalSection
	GlobalSection(SolutionProperties) = preSolution
		HideSolutionNode = FALSE
	EndGlobalSection
	GlobalSection(ExtensibilityGlobals) = postSolution
		SolutionGuid = {2186E48C-748C-4DFA-8E78-81DA021B4B9F}
	EndGlobalSection
EndGlobal
