
Microsoft Visual Studio Solution File, Format Version 12.00
# Visual Studio Version 17
VisualStudioVersion = 17.10.34928.147
MinimumVisualStudioVersion = 10.0.40219.1
Project("{FAE04EC0-301F-11D3-BF4B-00C04F79EFBC}") = "CodeFirst Approach", "CodeFirst Approach.csproj", "{731F5728-4631-4747-9BF4-A6975647053D}"
EndProject
Global
	GlobalSection(SolutionConfigurationPlatforms) = preSolution
		Debug|Any CPU = Debug|Any CPU
		Release|Any CPU = Release|Any CPU
	EndGlobalSection
	GlobalSection(ProjectConfigurationPlatforms) = postSolution
		{731F5728-4631-4747-9BF4-A6975647053D}.Debug|Any CPU.ActiveCfg = Debug|Any CPU
		{731F5728-4631-4747-9BF4-A6975647053D}.Debug|Any CPU.Build.0 = Debug|Any CPU
		{731F5728-4631-4747-9BF4-A6975647053D}.Release|Any CPU.ActiveCfg = Release|Any CPU
		{731F5728-4631-4747-9BF4-A6975647053D}.Release|Any CPU.Build.0 = Release|Any CPU
	EndGlobalSection
	GlobalSection(SolutionProperties) = preSolution
		HideSolutionNode = FALSE
	EndGlobalSection
	GlobalSection(ExtensibilityGlobals) = postSolution
		SolutionGuid = {B51D1B8B-DC5E-4F47-82EF-59D0CD346799}
	EndGlobalSection
EndGlobal
