
Microsoft Visual Studio Solution File, Format Version 12.00
# Visual Studio Version 17
VisualStudioVersion = 17.10.34928.147
MinimumVisualStudioVersion = 10.0.40219.1
Project("{FAE04EC0-301F-11D3-BF4B-00C04F79EFBC}") = "stackpush", "stackpush.csproj", "{2B538CA4-AB7E-44EC-ACFB-CD504058E2DF}"
EndProject
Global
	GlobalSection(SolutionConfigurationPlatforms) = preSolution
		Debug|Any CPU = Debug|Any CPU
		Release|Any CPU = Release|Any CPU
	EndGlobalSection
	GlobalSection(ProjectConfigurationPlatforms) = postSolution
		{2B538CA4-AB7E-44EC-ACFB-CD504058E2DF}.Debug|Any CPU.ActiveCfg = Debug|Any CPU
		{2B538CA4-AB7E-44EC-ACFB-CD504058E2DF}.Debug|Any CPU.Build.0 = Debug|Any CPU
		{2B538CA4-AB7E-44EC-ACFB-CD504058E2DF}.Release|Any CPU.ActiveCfg = Release|Any CPU
		{2B538CA4-AB7E-44EC-ACFB-CD504058E2DF}.Release|Any CPU.Build.0 = Release|Any CPU
	EndGlobalSection
	GlobalSection(SolutionProperties) = preSolution
		HideSolutionNode = FALSE
	EndGlobalSection
	GlobalSection(ExtensibilityGlobals) = postSolution
		SolutionGuid = {BF8CFC81-555C-487D-BB7F-0742A5D2EDD8}
	EndGlobalSection
EndGlobal
