
Microsoft Visual Studio Solution File, Format Version 12.00
# Visual Studio Version 17
VisualStudioVersion = 17.10.34928.147
MinimumVisualStudioVersion = 10.0.40219.1
Project("{FAE04EC0-301F-11D3-BF4B-00C04F79EFBC}") = "HTMLform", "HTMLform.csproj", "{49725691-AF57-4B6C-B321-4CD8F712BD67}"
EndProject
Project("{2150E333-8FDC-42A3-9474-1A3956D46DE8}") = "Solution Items", "Solution Items", "{BAF333AD-4844-4D6C-8A40-864ECE0FA58F}"
	ProjectSection(SolutionItems) = preProject
		form.html = form.html
	EndProjectSection
EndProject
Global
	GlobalSection(SolutionConfigurationPlatforms) = preSolution
		Debug|Any CPU = Debug|Any CPU
		Release|Any CPU = Release|Any CPU
	EndGlobalSection
	GlobalSection(ProjectConfigurationPlatforms) = postSolution
		{49725691-AF57-4B6C-B321-4CD8F712BD67}.Debug|Any CPU.ActiveCfg = Debug|Any CPU
		{49725691-AF57-4B6C-B321-4CD8F712BD67}.Debug|Any CPU.Build.0 = Debug|Any CPU
		{49725691-AF57-4B6C-B321-4CD8F712BD67}.Release|Any CPU.ActiveCfg = Release|Any CPU
		{49725691-AF57-4B6C-B321-4CD8F712BD67}.Release|Any CPU.Build.0 = Release|Any CPU
	EndGlobalSection
	GlobalSection(SolutionProperties) = preSolution
		HideSolutionNode = FALSE
	EndGlobalSection
	GlobalSection(ExtensibilityGlobals) = postSolution
		SolutionGuid = {B82DA88C-FA5A-42B5-9046-E66098DEAADA}
	EndGlobalSection
EndGlobal
