
Microsoft Visual Studio Solution File, Format Version 12.00
# Visual Studio Version 17
VisualStudioVersion = 17.10.34928.147
MinimumVisualStudioVersion = 10.0.40219.1
Project("{FAE04EC0-301F-11D3-BF4B-00C04F79EFBC}") = "swap", "swap.csproj", "{36809623-BD6F-4766-9201-3CE9D52B4446}"
EndProject
Global
	GlobalSection(SolutionConfigurationPlatforms) = preSolution
		Debug|Any CPU = Debug|Any CPU
		Release|Any CPU = Release|Any CPU
	EndGlobalSection
	GlobalSection(ProjectConfigurationPlatforms) = postSolution
		{36809623-BD6F-4766-9201-3CE9D52B4446}.Debug|Any CPU.ActiveCfg = Debug|Any CPU
		{36809623-BD6F-4766-9201-3CE9D52B4446}.Debug|Any CPU.Build.0 = Debug|Any CPU
		{36809623-BD6F-4766-9201-3CE9D52B4446}.Release|Any CPU.ActiveCfg = Release|Any CPU
		{36809623-BD6F-4766-9201-3CE9D52B4446}.Release|Any CPU.Build.0 = Release|Any CPU
	EndGlobalSection
	GlobalSection(SolutionProperties) = preSolution
		HideSolutionNode = FALSE
	EndGlobalSection
	GlobalSection(ExtensibilityGlobals) = postSolution
		SolutionGuid = {2C255296-4A47-49C0-AE69-F10399AAB08A}
	EndGlobalSection
EndGlobal
