
Microsoft Visual Studio Solution File, Format Version 12.00
# Visual Studio Version 17
VisualStudioVersion = 17.10.34928.147
MinimumVisualStudioVersion = 10.0.40219.1
Project("{FAE04EC0-301F-11D3-BF4B-00C04F79EFBC}") = "DatabaseFirst Approach", "DatabaseFirst Approach.csproj", "{0D5C1F92-6A6F-4D41-B0C5-069E53E48CFC}"
EndProject
Global
	GlobalSection(SolutionConfigurationPlatforms) = preSolution
		Debug|Any CPU = Debug|Any CPU
		Release|Any CPU = Release|Any CPU
	EndGlobalSection
	GlobalSection(ProjectConfigurationPlatforms) = postSolution
		{0D5C1F92-6A6F-4D41-B0C5-069E53E48CFC}.Debug|Any CPU.ActiveCfg = Debug|Any CPU
		{0D5C1F92-6A6F-4D41-B0C5-069E53E48CFC}.Debug|Any CPU.Build.0 = Debug|Any CPU
		{0D5C1F92-6A6F-4D41-B0C5-069E53E48CFC}.Release|Any CPU.ActiveCfg = Release|Any CPU
		{0D5C1F92-6A6F-4D41-B0C5-069E53E48CFC}.Release|Any CPU.Build.0 = Release|Any CPU
	EndGlobalSection
	GlobalSection(SolutionProperties) = preSolution
		HideSolutionNode = FALSE
	EndGlobalSection
	GlobalSection(ExtensibilityGlobals) = postSolution
		SolutionGuid = {EA28EE0B-AFE7-46B4-BB1C-A375FF001087}
	EndGlobalSection
EndGlobal
