
Microsoft Visual Studio Solution File, Format Version 12.00
# Visual Studio Version 17
VisualStudioVersion = 17.10.34928.147
MinimumVisualStudioVersion = 10.0.40219.1
Project("{9A19103F-16F7-4668-BE54-9A1E7A4F7556}") = "TaskApi", "TaskApi.csproj", "{7BA4AB41-9ABD-45ED-903B-184C4DEE74CF}"
EndProject
Global
	GlobalSection(SolutionConfigurationPlatforms) = preSolution
		Debug|Any CPU = Debug|Any CPU
		Release|Any CPU = Release|Any CPU
	EndGlobalSection
	GlobalSection(ProjectConfigurationPlatforms) = postSolution
		{7BA4AB41-9ABD-45ED-903B-184C4DEE74CF}.Debug|Any CPU.ActiveCfg = Debug|Any CPU
		{7BA4AB41-9ABD-45ED-903B-184C4DEE74CF}.Debug|Any CPU.Build.0 = Debug|Any CPU
		{7BA4AB41-9ABD-45ED-903B-184C4DEE74CF}.Release|Any CPU.ActiveCfg = Release|Any CPU
		{7BA4AB41-9ABD-45ED-903B-184C4DEE74CF}.Release|Any CPU.Build.0 = Release|Any CPU
	EndGlobalSection
	GlobalSection(SolutionProperties) = preSolution
		HideSolutionNode = FALSE
	EndGlobalSection
	GlobalSection(ExtensibilityGlobals) = postSolution
		SolutionGuid = {95F3286C-1954-4B4D-A4B7-F516A1209B86}
	EndGlobalSection
EndGlobal
